
Microsoft Visual Studio Solution File, Format Version 12.00
# Visual Studio Version 16
VisualStudioVersion = 16.0.31613.86
MinimumVisualStudioVersion = 10.0.40219.1
Project("{FAE04EC0-301F-11D3-BF4B-00C04F79EFBC}") = "Hangman_CSharp", "Hangman_CSharp\Hangman_CSharp.csproj", "{0377AE31-72E4-4CA1-BAE5-565894E51403}"
EndProject
Global
	GlobalSection(SolutionConfigurationPlatforms) = preSolution
		Debug|Any CPU = Debug|Any CPU
		Release|Any CPU = Release|Any CPU
	EndGlobalSection
	GlobalSection(ProjectConfigurationPlatforms) = postSolution
		{0377AE31-72E4-4CA1-BAE5-565894E51403}.Debug|Any CPU.ActiveCfg = Debug|Any CPU
		{0377AE31-72E4-4CA1-BAE5-565894E51403}.Debug|Any CPU.Build.0 = Debug|Any CPU
		{0377AE31-72E4-4CA1-BAE5-565894E51403}.Release|Any CPU.ActiveCfg = Release|Any CPU
		{0377AE31-72E4-4CA1-BAE5-565894E51403}.Release|Any CPU.Build.0 = Release|Any CPU
	EndGlobalSection
	GlobalSection(SolutionProperties) = preSolution
		HideSolutionNode = FALSE
	EndGlobalSection
	GlobalSection(ExtensibilityGlobals) = postSolution
		SolutionGuid = {595490F5-9E7C-422C-8DD4-0B3D0FF09309}
	EndGlobalSection
EndGlobal
